// !$*UTF8*$!
{
	archiveVersion = 1;
	classes = {
	};
	objectVersion = 55;
	objects = {

/* Begin PBXBuildFile section */
		1EE8ECA97B96D5D3EFC4DECC /* Pods_RswiftDemo.framework in Frameworks */ = {isa = PBXBuildFile; fileRef = 61DB680701A2F8A7E42E28A4 /* Pods_RswiftDemo.framework */; };
		84286F31289D0A7500790263 /* AppDelegate.swift in Sources */ = {isa = PBXBuildFile; fileRef = 84286F30289D0A7500790263 /* AppDelegate.swift */; };
		84286F33289D0A7500790263 /* SceneDelegate.swift in Sources */ = {isa = PBXBuildFile; fileRef = 84286F32289D0A7500790263 /* SceneDelegate.swift */; };
		84286F35289D0A7500790263 /* ViewController.swift in Sources */ = {isa = PBXBuildFile; fileRef = 84286F34289D0A7500790263 /* ViewController.swift */; };
		84286F38289D0A7500790263 /* Main.storyboard in Resources */ = {isa = PBXBuildFile; fileRef = 84286F36289D0A7500790263 /* Main.storyboard */; };
		84286F3A289D0A7700790263 /* Assets.xcassets in Resources */ = {isa = PBXBuildFile; fileRef = 84286F39289D0A7700790263 /* Assets.xcassets */; };
		84286F3D289D0A7700790263 /* LaunchScreen.storyboard in Resources */ = {isa = PBXBuildFile; fileRef = 84286F3B289D0A7700790263 /* LaunchScreen.storyboard */; };
		84286F46289D0B4500790263 /* R.generated.swift in Sources */ = {isa = PBXBuildFile; fileRef = 84286F45289D0B4500790263 /* R.generated.swift */; };
		84286F48289D0CDD00790263 /* ViewController2.swift in Sources */ = {isa = PBXBuildFile; fileRef = 84286F47289D0CDD00790263 /* ViewController2.swift */; };
/* End PBXBuildFile section */

/* Begin PBXFileReference section */
		61DB680701A2F8A7E42E28A4 /* Pods_RswiftDemo.framework */ = {isa = PBXFileReference; explicitFileType = wrapper.framework; includeInIndex = 0; path = Pods_RswiftDemo.framework; sourceTree = BUILT_PRODUCTS_DIR; };
		84286F2D289D0A7500790263 /* RswiftDemo.app */ = {isa = PBXFileReference; explicitFileType = wrapper.application; includeInIndex = 0; path = RswiftDemo.app; sourceTree = BUILT_PRODUCTS_DIR; };
		84286F30289D0A7500790263 /* AppDelegate.swift */ = {isa = PBXFileReference; lastKnownFileType = sourcecode.swift; path = AppDelegate.swift; sourceTree = "<group>"; };
		84286F32289D0A7500790263 /* SceneDelegate.swift */ = {isa = PBXFileReference; lastKnownFileType = sourcecode.swift; path = SceneDelegate.swift; sourceTree = "<group>"; };
		84286F34289D0A7500790263 /* ViewController.swift */ = {isa = PBXFileReference; lastKnownFileType = sourcecode.swift; path = ViewController.swift; sourceTree = "<group>"; };
		84286F37289D0A7500790263 /* Base */ = {isa = PBXFileReference; lastKnownFileType = file.storyboard; name = Base; path = Base.lproj/Main.storyboard; sourceTree = "<group>"; };
		84286F39289D0A7700790263 /* Assets.xcassets */ = {isa = PBXFileReference; lastKnownFileType = folder.assetcatalog; path = Assets.xcassets; sourceTree = "<group>"; };
		84286F3C289D0A7700790263 /* Base */ = {isa = PBXFileReference; lastKnownFileType = file.storyboard; name = Base; path = Base.lproj/LaunchScreen.storyboard; sourceTree = "<group>"; };
		84286F3E289D0A7700790263 /* Info.plist */ = {isa = PBXFileReference; lastKnownFileType = text.plist.xml; path = Info.plist; sourceTree = "<group>"; };
		84286F45289D0B4500790263 /* R.generated.swift */ = {isa = PBXFileReference; fileEncoding = 4; lastKnownFileType = sourcecode.swift; path = R.generated.swift; sourceTree = SOURCE_ROOT; };
		84286F47289D0CDD00790263 /* ViewController2.swift */ = {isa = PBXFileReference; lastKnownFileType = sourcecode.swift; path = ViewController2.swift; sourceTree = "<group>"; };
		CAF50C4027EED7728E992079 /* Pods-RswiftDemo.release.xcconfig */ = {isa = PBXFileReference; includeInIndex = 1; lastKnownFileType = text.xcconfig; name = "Pods-RswiftDemo.release.xcconfig"; path = "Target Support Files/Pods-RswiftDemo/Pods-RswiftDemo.release.xcconfig"; sourceTree = "<group>"; };
		E7383AA10BC2588EDA314D6C /* Pods-RswiftDemo.debug.xcconfig */ = {isa = PBXFileReference; includeInIndex = 1; lastKnownFileType = text.xcconfig; name = "Pods-RswiftDemo.debug.xcconfig"; path = "Target Support Files/Pods-RswiftDemo/Pods-RswiftDemo.debug.xcconfig"; sourceTree = "<group>"; };
/* End PBXFileReference section */

/* Begin PBXFrameworksBuildPhase section */
		84286F2A289D0A7500790263 /* Frameworks */ = {
			isa = PBXFrameworksBuildPhase;
			buildActionMask = 2147483647;
			files = (
				1EE8ECA97B96D5D3EFC4DECC /* Pods_RswiftDemo.framework in Frameworks */,
			);
			runOnlyForDeploymentPostprocessing = 0;
		};
/* End PBXFrameworksBuildPhase section */

/* Begin PBXGroup section */
		5B877EBB31A09BEF82EE7B61 /* Pods */ = {
			isa = PBXGroup;
			children = (
				E7383AA10BC2588EDA314D6C /* Pods-RswiftDemo.debug.xcconfig */,
				CAF50C4027EED7728E992079 /* Pods-RswiftDemo.release.xcconfig */,
			);
			path = Pods;
			sourceTree = "<group>";
		};
		84286F24289D0A7500790263 = {
			isa = PBXGroup;
			children = (
				84286F2F289D0A7500790263 /* RswiftDemo */,
				84286F2E289D0A7500790263 /* Products */,
				5B877EBB31A09BEF82EE7B61 /* Pods */,
				92B054F10F62419534987DF5 /* Frameworks */,
			);
			sourceTree = "<group>";
		};
		84286F2E289D0A7500790263 /* Products */ = {
			isa = PBXGroup;
			children = (
				84286F2D289D0A7500790263 /* RswiftDemo.app */,
			);
			name = Products;
			sourceTree = "<group>";
		};
		84286F2F289D0A7500790263 /* RswiftDemo */ = {
			isa = PBXGroup;
			children = (
				84286F45289D0B4500790263 /* R.generated.swift */,
				84286F30289D0A7500790263 /* AppDelegate.swift */,
				84286F32289D0A7500790263 /* SceneDelegate.swift */,
				84286F34289D0A7500790263 /* ViewController.swift */,
				84286F47289D0CDD00790263 /* ViewController2.swift */,
				84286F36289D0A7500790263 /* Main.storyboard */,
				84286F39289D0A7700790263 /* Assets.xcassets */,
				84286F3B289D0A7700790263 /* LaunchScreen.storyboard */,
				84286F3E289D0A7700790263 /* Info.plist */,
			);
			path = RswiftDemo;
			sourceTree = "<group>";
		};
		92B054F10F62419534987DF5 /* Frameworks */ = {
			isa = PBXGroup;
			children = (
				61DB680701A2F8A7E42E28A4 /* Pods_RswiftDemo.framework */,
			);
			name = Frameworks;
			sourceTree = "<group>";
		};
/* End PBXGroup section */

/* Begin PBXNativeTarget section */
		84286F2C289D0A7500790263 /* RswiftDemo */ = {
			isa = PBXNativeTarget;
			buildConfigurationList = 84286F41289D0A7700790263 /* Build configuration list for PBXNativeTarget "RswiftDemo" */;
			buildPhases = (
				0C3F27E845D81F83D180EC49 /* [CP] Check Pods Manifest.lock */,
				84286F29289D0A7500790263 /* Sources */,
				84286F2A289D0A7500790263 /* Frameworks */,
				84286F2B289D0A7500790263 /* Resources */,
				AEBEB6260FB162E6D919E334 /* [CP] Embed Pods Frameworks */,
				84286F44289D0B0100790263 /* R.swift */,
			);
			buildRules = (
			);
			dependencies = (
			);
			name = RswiftDemo;
			productName = RswiftDemo;
			productReference = 84286F2D289D0A7500790263 /* RswiftDemo.app */;
			productType = "com.apple.product-type.application";
		};
/* End PBXNativeTarget section */

/* Begin PBXProject section */
		84286F25289D0A7500790263 /* Project object */ = {
			isa = PBXProject;
			attributes = {
				BuildIndependentTargetsInParallel = 1;
				LastSwiftUpdateCheck = 1310;
				LastUpgradeCheck = 1310;
				TargetAttributes = {
					84286F2C289D0A7500790263 = {
						CreatedOnToolsVersion = 13.1;
					};
				};
			};
			buildConfigurationList = 84286F28289D0A7500790263 /* Build configuration list for PBXProject "RswiftDemo" */;
			compatibilityVersion = "Xcode 13.0";
			developmentRegion = en;
			hasScannedForEncodings = 0;
			knownRegions = (
				en,
				Base,
			);
			mainGroup = 84286F24289D0A7500790263;
			productRefGroup = 84286F2E289D0A7500790263 /* Products */;
			projectDirPath = "";
			projectRoot = "";
			targets = (
				84286F2C289D0A7500790263 /* RswiftDemo */,
			);
		};
/* End PBXProject section */

/* Begin PBXResourcesBuildPhase section */
		84286F2B289D0A7500790263 /* Resources */ = {
			isa = PBXResourcesBuildPhase;
			buildActionMask = 2147483647;
			files = (
				84286F3D289D0A7700790263 /* LaunchScreen.storyboard in Resources */,
				84286F3A289D0A7700790263 /* Assets.xcassets in Resources */,
				84286F38289D0A7500790263 /* Main.storyboard in Resources */,
			);
			runOnlyForDeploymentPostprocessing = 0;
		};
/* End PBXResourcesBuildPhase section */

/* Begin PBXShellScriptBuildPhase section */
		0C3F27E845D81F83D180EC49 /* [CP] Check Pods Manifest.lock */ = {
			isa = PBXShellScriptBuildPhase;
			buildActionMask = 2147483647;
			files = (
			);
			inputFileListPaths = (
			);
			inputPaths = (
				"${PODS_PODFILE_DIR_PATH}/Podfile.lock",
				"${PODS_ROOT}/Manifest.lock",
			);
			name = "[CP] Check Pods Manifest.lock";
			outputFileListPaths = (
			);
			outputPaths = (
				"$(DERIVED_FILE_DIR)/Pods-RswiftDemo-checkManifestLockResult.txt",
			);
			runOnlyForDeploymentPostprocessing = 0;
			shellPath = /bin/sh;
			shellScript = "diff \"${PODS_PODFILE_DIR_PATH}/Podfile.lock\" \"${PODS_ROOT}/Manifest.lock\" > /dev/null\nif [ $? != 0 ] ; then\n    # print error to STDERR\n    echo \"error: The sandbox is not in sync with the Podfile.lock. Run 'pod install' or update your CocoaPods installation.\" >&2\n    exit 1\nfi\n# This output is used by Xcode 'outputs' to avoid re-running this script phase.\necho \"SUCCESS\" > \"${SCRIPT_OUTPUT_FILE_0}\"\n";
			showEnvVarsInLog = 0;
		};
		84286F44289D0B0100790263 /* R.swift */ = {
			isa = PBXShellScriptBuildPhase;
			buildActionMask = 2147483647;
			files = (
			);
			inputFileListPaths = (
			);
			inputPaths = (
				$SRCROOT/RswiftDemo/R.generated.swift,
			);
			name = R.swift;
			outputFileListPaths = (
			);
			outputPaths = (
			);
			runOnlyForDeploymentPostprocessing = 0;
			shellPath = /bin/sh;
			shellScript = "# Type a script or drag a script file from your workspace to insert its path.\n\"$PODS_ROOT/R.swift/rswift\" generate \"$SRCROOT/R.generated.swift\"\n";
		};
		AEBEB6260FB162E6D919E334 /* [CP] Embed Pods Frameworks */ = {
			isa = PBXShellScriptBuildPhase;
			buildActionMask = 2147483647;
			files = (
			);
			inputFileListPaths = (
				"${PODS_ROOT}/Target Support Files/Pods-RswiftDemo/Pods-RswiftDemo-frameworks-${CONFIGURATION}-input-files.xcfilelist",
			);
			name = "[CP] Embed Pods Frameworks";
			outputFileListPaths = (
				"${PODS_ROOT}/Target Support Files/Pods-RswiftDemo/Pods-RswiftDemo-frameworks-${CONFIGURATION}-output-files.xcfilelist",
			);
			runOnlyForDeploymentPostprocessing = 0;
			shellPath = /bin/sh;
			shellScript = "\"${PODS_ROOT}/Target Support Files/Pods-RswiftDemo/Pods-RswiftDemo-frameworks.sh\"\n";
			showEnvVarsInLog = 0;
		};
/* End PBXShellScriptBuildPhase section */

/* Begin PBXSourcesBuildPhase section */
		84286F29289D0A7500790263 /* Sources */ = {
			isa = PBXSourcesBuildPhase;
			buildActionMask = 2147483647;
			files = (
				84286F48289D0CDD00790263 /* ViewController2.swift in Sources */,
				84286F35289D0A7500790263 /* ViewController.swift in Sources */,
				84286F31289D0A7500790263 /* AppDelegate.swift in Sources */,
				84286F33289D0A7500790263 /* SceneDelegate.swift in Sources */,
				84286F46289D0B4500790263 /* R.generated.swift in Sources */,
			);
			runOnlyForDeploymentPostprocessing = 0;
		};
/* End PBXSourcesBuildPhase section */

/* Begin PBXVariantGroup section */
		84286F36289D0A7500790263 /* Main.storyboard */ = {
			isa = PBXVariantGroup;
			children = (
				84286F37289D0A7500790263 /* Base */,
			);
			name = Main.storyboard;
			sourceTree = "<group>";
		};
		84286F3B289D0A7700790263 /* LaunchScreen.storyboard */ = {
			isa = PBXVariantGroup;
			children = (
				84286F3C289D0A7700790263 /* Base */,
			);
			name = LaunchScreen.storyboard;
			sourceTree = "<group>";
		};
/* End PBXVariantGroup section */

/* Begin XCBuildConfiguration section */
		84286F3F289D0A7700790263 /* Debug */ = {
			isa = XCBuildConfiguration;
			buildSettings = {
				ALWAYS_SEARCH_USER_PATHS = NO;
				CLANG_ANALYZER_NONNULL = YES;
				CLANG_ANALYZER_NUMBER_OBJECT_CONVERSION = YES_AGGRESSIVE;
				CLANG_CXX_LANGUAGE_STANDARD = "gnu++17";
				CLANG_CXX_LIBRARY = "libc++";
				CLANG_ENABLE_MODULES = YES;
				CLANG_ENABLE_OBJC_ARC = YES;
				CLANG_ENABLE_OBJC_WEAK = YES;
				CLANG_WARN_BLOCK_CAPTURE_AUTORELEASING = YES;
				CLANG_WARN_BOOL_CONVERSION = YES;
				CLANG_WARN_COMMA = YES;
				CLANG_WARN_CONSTANT_CONVERSION = YES;
				CLANG_WARN_DEPRECATED_OBJC_IMPLEMENTATIONS = YES;
				CLANG_WARN_DIRECT_OBJC_ISA_USAGE = YES_ERROR;
				CLANG_WARN_DOCUMENTATION_COMMENTS = YES;
				CLANG_WARN_EMPTY_BODY = YES;
				CLANG_WARN_ENUM_CONVERSION = YES;
				CLANG_WARN_INFINITE_RECURSION = YES;
				CLANG_WARN_INT_CONVERSION = YES;
				CLANG_WARN_NON_LITERAL_NULL_CONVERSION = YES;
				CLANG_WARN_OBJC_IMPLICIT_RETAIN_SELF = YES;
				CLANG_WARN_OBJC_LITERAL_CONVERSION = YES;
				CLANG_WARN_OBJC_ROOT_CLASS = YES_ERROR;
				CLANG_WARN_QUOTED_INCLUDE_IN_FRAMEWORK_HEADER = YES;
				CLANG_WARN_RANGE_LOOP_ANALYSIS = YES;
				CLANG_WARN_STRICT_PROTOTYPES = YES;
				CLANG_WARN_SUSPICIOUS_MOVE = YES;
				CLANG_WARN_UNGUARDED_AVAILABILITY = YES_AGGRESSIVE;
				CLANG_WARN_UNREACHABLE_CODE = YES;
				CLANG_WARN__DUPLICATE_METHOD_MATCH = YES;
				COPY_PHASE_STRIP = NO;
				DEBUG_INFORMATION_FORMAT = dwarf;
				ENABLE_STRICT_OBJC_MSGSEND = YES;
				ENABLE_TESTABILITY = YES;
				GCC_C_LANGUAGE_STANDARD = gnu11;
				GCC_DYNAMIC_NO_PIC = NO;
				GCC_NO_COMMON_BLOCKS = YES;
				GCC_OPTIMIZATION_LEVEL = 0;
				GCC_PREPROCESSOR_DEFINITIONS = (
					"DEBUG=1",
					"$(inherited)",
				);
				GCC_WARN_64_TO_32_BIT_CONVERSION = YES;
				GCC_WARN_ABOUT_RETURN_TYPE = YES_ERROR;
				GCC_WARN_UNDECLARED_SELECTOR = YES;
				GCC_WARN_UNINITIALIZED_AUTOS = YES_AGGRESSIVE;
				GCC_WARN_UNUSED_FUNCTION = YES;
				GCC_WARN_UNUSED_VARIABLE = YES;
				IPHONEOS_DEPLOYMENT_TARGET = 15.0;
				MTL_ENABLE_DEBUG_INFO = INCLUDE_SOURCE;
				MTL_FAST_MATH = YES;
				ONLY_ACTIVE_ARCH = YES;
				SDKROOT = iphoneos;
				SWIFT_ACTIVE_COMPILATION_CONDITIONS = DEBUG;
				SWIFT_OPTIMIZATION_LEVEL = "-Onone";
			};
			name = Debug;
		};
		84286F40289D0A7700790263 /* Release */ = {
			isa = XCBuildConfiguration;
			buildSettings = {
				ALWAYS_SEARCH_USER_PATHS = NO;
				CLANG_ANALYZER_NONNULL = YES;
				CLANG_ANALYZER_NUMBER_OBJECT_CONVERSION = YES_AGGRESSIVE;
				CLANG_CXX_LANGUAGE_STANDARD = "gnu++17";
				CLANG_CXX_LIBRARY = "libc++";
				CLANG_ENABLE_MODULES = YES;
				CLANG_ENABLE_OBJC_ARC = YES;
				CLANG_ENABLE_OBJC_WEAK = YES;
				CLANG_WARN_BLOCK_CAPTURE_AUTORELEASING = YES;
				CLANG_WARN_BOOL_CONVERSION = YES;
				CLANG_WARN_COMMA = YES;
				CLANG_WARN_CONSTANT_CONVERSION = YES;
				CLANG_WARN_DEPRECATED_OBJC_IMPLEMENTATIONS = YES;
				CLANG_WARN_DIRECT_OBJC_ISA_USAGE = YES_ERROR;
				CLANG_WARN_DOCUMENTATION_COMMENTS = YES;
				CLANG_WARN_EMPTY_BODY = YES;
				CLANG_WARN_ENUM_CONVERSION = YES;
				CLANG_WARN_INFINITE_RECURSION = YES;
				CLANG_WARN_INT_CONVERSION = YES;
				CLANG_WARN_NON_LITERAL_NULL_CONVERSION = YES;
				CLANG_WARN_OBJC_IMPLICIT_RETAIN_SELF = YES;
				CLANG_WARN_OBJC_LITERAL_CONVERSION = YES;
				CLANG_WARN_OBJC_ROOT_CLASS = YES_ERROR;
				CLANG_WARN_QUOTED_INCLUDE_IN_FRAMEWORK_HEADER = YES;
				CLANG_WARN_RANGE_LOOP_ANALYSIS = YES;
				CLANG_WARN_STRICT_PROTOTYPES = YES;
				CLANG_WARN_SUSPICIOUS_MOVE = YES;
				CLANG_WARN_UNGUARDED_AVAILABILITY = YES_AGGRESSIVE;
				CLANG_WARN_UNREACHABLE_CODE = YES;
				CLANG_WARN__DUPLICATE_METHOD_MATCH = YES;
				COPY_PHASE_STRIP = NO;
				DEBUG_INFORMATION_FORMAT = "dwarf-with-dsym";
				ENABLE_NS_ASSERTIONS = NO;
				ENABLE_STRICT_OBJC_MSGSEND = YES;
				GCC_C_LANGUAGE_STANDARD = gnu11;
				GCC_NO_COMMON_BLOCKS = YES;
				GCC_WARN_64_TO_32_BIT_CONVERSION = YES;
				GCC_WARN_ABOUT_RETURN_TYPE = YES_ERROR;
				GCC_WARN_UNDECLARED_SELECTOR = YES;
				GCC_WARN_UNINITIALIZED_AUTOS = YES_AGGRESSIVE;
				GCC_WARN_UNUSED_FUNCTION = YES;
				GCC_WARN_UNUSED_VARIABLE = YES;
				IPHONEOS_DEPLOYMENT_TARGET = 15.0;
				MTL_ENABLE_DEBUG_INFO = NO;
				MTL_FAST_MATH = YES;
				SDKROOT = iphoneos;
				SWIFT_COMPILATION_MODE = wholemodule;
				SWIFT_OPTIMIZATION_LEVEL = "-O";
				VALIDATE_PRODUCT = YES;
			};
			name = Release;
		};
		84286F42289D0A7700790263 /* Debug */ = {
			isa = XCBuildConfiguration;
			baseConfigurationReference = E7383AA10BC2588EDA314D6C /* Pods-RswiftDemo.debug.xcconfig */;
			buildSettings = {
				ASSETCATALOG_COMPILER_APPICON_NAME = AppIcon;
				ASSETCATALOG_COMPILER_GLOBAL_ACCENT_COLOR_NAME = AccentColor;
				CODE_SIGN_STYLE = Automatic;
				CURRENT_PROJECT_VERSION = 1;
				GENERATE_INFOPLIST_FILE = YES;
				INFOPLIST_FILE = RswiftDemo/Info.plist;
				INFOPLIST_KEY_UIApplicationSupportsIndirectInputEvents = YES;
				INFOPLIST_KEY_UILaunchStoryboardName = LaunchScreen;
				INFOPLIST_KEY_UIMainStoryboardFile = Main;
				INFOPLIST_KEY_UISupportedInterfaceOrientations_iPad = "UIInterfaceOrientationPortrait UIInterfaceOrientationPortraitUpsideDown UIInterfaceOrientationLandscapeLeft UIInterfaceOrientationLandscapeRight";
				INFOPLIST_KEY_UISupportedInterfaceOrientations_iPhone = "UIInterfaceOrientationPortrait UIInterfaceOrientationLandscapeLeft UIInterfaceOrientationLandscapeRight";
				LD_RUNPATH_SEARCH_PATHS = (
					"$(inherited)",
					"@executable_path/Frameworks",
				);
				MARKETING_VERSION = 1.0;
				PRODUCT_BUNDLE_IDENTIFIER = com.cripsontech.RswiftDemo;
				PRODUCT_NAME = "$(TARGET_NAME)";
				SWIFT_EMIT_LOC_STRINGS = YES;
				SWIFT_VERSION = 5.0;
				TARGETED_DEVICE_FAMILY = "1,2";
			};
			name = Debug;
		};
		84286F43289D0A7700790263 /* Release */ = {
			isa = XCBuildConfiguration;
			baseConfigurationReference = CAF50C4027EED7728E992079 /* Pods-RswiftDemo.release.xcconfig */;
			buildSettings = {
				ASSETCATALOG_COMPILER_APPICON_NAME = AppIcon;
				ASSETCATALOG_COMPILER_GLOBAL_ACCENT_COLOR_NAME = AccentColor;
				CODE_SIGN_STYLE = Automatic;
				CURRENT_PROJECT_VERSION = 1;
				GENERATE_INFOPLIST_FILE = YES;
				INFOPLIST_FILE = RswiftDemo/Info.plist;
				INFOPLIST_KEY_UIApplicationSupportsIndirectInputEvents = YES;
				INFOPLIST_KEY_UILaunchStoryboardName = LaunchScreen;
				INFOPLIST_KEY_UIMainStoryboardFile = Main;
				INFOPLIST_KEY_UISupportedInterfaceOrientations_iPad = "UIInterfaceOrientationPortrait UIInterfaceOrientationPortraitUpsideDown UIInterfaceOrientationLandscapeLeft UIInterfaceOrientationLandscapeRight";
				INFOPLIST_KEY_UISupportedInterfaceOrientations_iPhone = "UIInterfaceOrientationPortrait UIInterfaceOrientationLandscapeLeft UIInterfaceOrientationLandscapeRight";
				LD_RUNPATH_SEARCH_PATHS = (
					"$(inherited)",
					"@executable_path/Frameworks",
				);
				MARKETING_VERSION = 1.0;
				PRODUCT_BUNDLE_IDENTIFIER = com.cripsontech.RswiftDemo;
				PRODUCT_NAME = "$(TARGET_NAME)";
				SWIFT_EMIT_LOC_STRINGS = YES;
				SWIFT_VERSION = 5.0;
				TARGETED_DEVICE_FAMILY = "1,2";
			};
			name = Release;
		};
/* End XCBuildConfiguration section */

/* Begin XCConfigurationList section */
		84286F28289D0A7500790263 /* Build configuration list for PBXProject "RswiftDemo" */ = {
			isa = XCConfigurationList;
			buildConfigurations = (
				84286F3F289D0A7700790263 /* Debug */,
				84286F40289D0A7700790263 /* Release */,
			);
			defaultConfigurationIsVisible = 0;
			defaultConfigurationName = Release;
		};
		84286F41289D0A7700790263 /* Build configuration list for PBXNativeTarget "RswiftDemo" */ = {
			isa = XCConfigurationList;
			buildConfigurations = (
				84286F42289D0A7700790263 /* Debug */,
				84286F43289D0A7700790263 /* Release */,
			);
			defaultConfigurationIsVisible = 0;
			defaultConfigurationName = Release;
		};
/* End XCConfigurationList section */
	};
	rootObject = 84286F25289D0A7500790263 /* Project object */;
}
